
Microsoft Visual Studio Solution File, Format Version 12.00
# Visual Studio Version 17
VisualStudioVersion = 17.0.31903.59
MinimumVisualStudioVersion = 10.0.40219.1
Project("{FAE04EC0-301F-11D3-BF4B-00C04F79EFBC}") = "Domain", "Domain\Domain.csproj", "{6DFC8CCB-8562-48BF-93D0-457AF7A55A96}"
EndProject
Project("{FAE04EC0-301F-11D3-BF4B-00C04F79EFBC}") = "Application", "Application\Application.csproj", "{C7F0E4B4-40F5-4CE0-8EA5-79366CD7983E}"
EndProject
Project("{FAE04EC0-301F-11D3-BF4B-00C04F79EFBC}") = "Infrastructure", "Infrastructure\Infrastructure.csproj", "{56260A48-3FCE-4DAF-BF68-4109E7A4F39B}"
EndProject
Project("{FAE04EC0-301F-11D3-BF4B-00C04F79EFBC}") = "API", "API\API.csproj", "{08C900C0-A4D2-4486-ABE7-377DA14A26D1}"
EndProject
Project("{FAE04EC0-301F-11D3-BF4B-00C04F79EFBC}") = "Client", "Client\Client.csproj", "{0EB75B95-13DF-4B77-843A-E2262069F98D}"
EndProject
Project("{2150E333-8FDC-42A3-9474-1A3956D46DE8}") = "1. Layers", "1. Layers", "{02EA681E-C7D8-13C7-8484-4AC65E1B71E8}"
EndProject
Project("{2150E333-8FDC-42A3-9474-1A3956D46DE8}") = "1.1. Domain", "1.1. Domain", "{55D1C376-0B8F-432F-B83E-3C4500B8D4D9}"
EndProject
Project("{2150E333-8FDC-42A3-9474-1A3956D46DE8}") = "1.2. Application", "1.2. Application", "{F0732F7A-9816-41A7-899A-F9719857CFAE}"
EndProject
Project("{2150E333-8FDC-42A3-9474-1A3956D46DE8}") = "1.3. Infrastructure", "1.3. Infrastructure", "{7D192C79-DA01-4B2B-B63F-C74E742E5B84}"
EndProject
Project("{2150E333-8FDC-42A3-9474-1A3956D46DE8}") = "1.4. API", "1.4. API", "{B16B8F91-3D4A-482C-BB3C-259291841B89}"
EndProject
Project("{2150E333-8FDC-42A3-9474-1A3956D46DE8}") = "1.5. Client", "1.5. Client", "{9F1C8150-462B-41DA-823D-839044C380D8}"
EndProject
Global
	GlobalSection(SolutionConfigurationPlatforms) = preSolution
		Debug|Any CPU = Debug|Any CPU
		Release|Any CPU = Release|Any CPU
	EndGlobalSection
	GlobalSection(ProjectConfigurationPlatforms) = postSolution
		{6DFC8CCB-8562-48BF-93D0-457AF7A55A96}.Debug|Any CPU.ActiveCfg = Debug|Any CPU
		{6DFC8CCB-8562-48BF-93D0-457AF7A55A96}.Debug|Any CPU.Build.0 = Debug|Any CPU
		{6DFC8CCB-8562-48BF-93D0-457AF7A55A96}.Release|Any CPU.ActiveCfg = Release|Any CPU
		{6DFC8CCB-8562-48BF-93D0-457AF7A55A96}.Release|Any CPU.Build.0 = Release|Any CPU
		{C7F0E4B4-40F5-4CE0-8EA5-79366CD7983E}.Debug|Any CPU.ActiveCfg = Debug|Any CPU
		{C7F0E4B4-40F5-4CE0-8EA5-79366CD7983E}.Debug|Any CPU.Build.0 = Debug|Any CPU
		{C7F0E4B4-40F5-4CE0-8EA5-79366CD7983E}.Release|Any CPU.ActiveCfg = Release|Any CPU
		{C7F0E4B4-40F5-4CE0-8EA5-79366CD7983E}.Release|Any CPU.Build.0 = Release|Any CPU
		{56260A48-3FCE-4DAF-BF68-4109E7A4F39B}.Debug|Any CPU.ActiveCfg = Debug|Any CPU
		{56260A48-3FCE-4DAF-BF68-4109E7A4F39B}.Debug|Any CPU.Build.0 = Debug|Any CPU
		{56260A48-3FCE-4DAF-BF68-4109E7A4F39B}.Release|Any CPU.ActiveCfg = Release|Any CPU
		{56260A48-3FCE-4DAF-BF68-4109E7A4F39B}.Release|Any CPU.Build.0 = Release|Any CPU
		{08C900C0-A4D2-4486-ABE7-377DA14A26D1}.Debug|Any CPU.ActiveCfg = Debug|Any CPU
		{08C900C0-A4D2-4486-ABE7-377DA14A26D1}.Debug|Any CPU.Build.0 = Debug|Any CPU
		{08C900C0-A4D2-4486-ABE7-377DA14A26D1}.Release|Any CPU.ActiveCfg = Release|Any CPU
		{08C900C0-A4D2-4486-ABE7-377DA14A26D1}.Release|Any CPU.Build.0 = Release|Any CPU
		{0EB75B95-13DF-4B77-843A-E2262069F98D}.Debug|Any CPU.ActiveCfg = Debug|Any CPU
		{0EB75B95-13DF-4B77-843A-E2262069F98D}.Debug|Any CPU.Build.0 = Debug|Any CPU
		{0EB75B95-13DF-4B77-843A-E2262069F98D}.Release|Any CPU.ActiveCfg = Release|Any CPU
		{0EB75B95-13DF-4B77-843A-E2262069F98D}.Release|Any CPU.Build.0 = Release|Any CPU
	EndGlobalSection
	GlobalSection(SolutionProperties) = preSolution
		HideSolutionNode = FALSE
	EndGlobalSection
	GlobalSection(NestedProjects) = preSolution
		{6DFC8CCB-8562-48BF-93D0-457AF7A55A96} = {55D1C376-0B8F-432F-B83E-3C4500B8D4D9}
		{C7F0E4B4-40F5-4CE0-8EA5-79366CD7983E} = {F0732F7A-9816-41A7-899A-F9719857CFAE}
		{56260A48-3FCE-4DAF-BF68-4109E7A4F39B} = {7D192C79-DA01-4B2B-B63F-C74E742E5B84}
		{08C900C0-A4D2-4486-ABE7-377DA14A26D1} = {B16B8F91-3D4A-482C-BB3C-259291841B89}
		{0EB75B95-13DF-4B77-843A-E2262069F98D} = {9F1C8150-462B-41DA-823D-839044C380D8}
		{55D1C376-0B8F-432F-B83E-3C4500B8D4D9} = {02EA681E-C7D8-13C7-8484-4AC65E1B71E8}
		{F0732F7A-9816-41A7-899A-F9719857CFAE} = {02EA681E-C7D8-13C7-8484-4AC65E1B71E8}
		{7D192C79-DA01-4B2B-B63F-C74E742E5B84} = {02EA681E-C7D8-13C7-8484-4AC65E1B71E8}
		{B16B8F91-3D4A-482C-BB3C-259291841B89} = {02EA681E-C7D8-13C7-8484-4AC65E1B71E8}
		{9F1C8150-462B-41DA-823D-839044C380D8} = {02EA681E-C7D8-13C7-8484-4AC65E1B71E8}
	EndGlobalSection
	GlobalSection(ExtensibilityGlobals) = postSolution
		SolutionGuid = {18B82E91-B50E-447F-8B89-DD35AD7AA017}
	EndGlobalSection
EndGlobal
